
Microsoft Visual Studio Solution File, Format Version 12.00
# Visual Studio Version 17
VisualStudioVersion = 17.5.33627.172
MinimumVisualStudioVersion = 10.0.40219.1
Project("{FAE04EC0-301F-11D3-BF4B-00C04F79EFBC}") = "lab4", "lab4\lab4.csproj", "{DA3A8C26-62AF-49A1-A184-110A01C963EB}"
EndProject
Global
	GlobalSection(SolutionConfigurationPlatforms) = preSolution
		Debug|Any CPU = Debug|Any CPU
		Release|Any CPU = Release|Any CPU
	EndGlobalSection
	GlobalSection(ProjectConfigurationPlatforms) = postSolution
		{DA3A8C26-62AF-49A1-A184-110A01C963EB}.Debug|Any CPU.ActiveCfg = Debug|Any CPU
		{DA3A8C26-62AF-49A1-A184-110A01C963EB}.Debug|Any CPU.Build.0 = Debug|Any CPU
		{DA3A8C26-62AF-49A1-A184-110A01C963EB}.Release|Any CPU.ActiveCfg = Release|Any CPU
		{DA3A8C26-62AF-49A1-A184-110A01C963EB}.Release|Any CPU.Build.0 = Release|Any CPU
	EndGlobalSection
	GlobalSection(SolutionProperties) = preSolution
		HideSolutionNode = FALSE
	EndGlobalSection
	GlobalSection(ExtensibilityGlobals) = postSolution
		SolutionGuid = {C6A4C561-F734-477F-BBD6-8B2B2B3BCCCF}
	EndGlobalSection
EndGlobal
